
Microsoft Visual Studio Solution File, Format Version 12.00
# Visual Studio Version 17
VisualStudioVersion = 17.6.33829.357
MinimumVisualStudioVersion = 10.0.40219.1
Project("{FAE04EC0-301F-11D3-BF4B-00C04F79EFBC}") = "AndroidBinding1", "AndroidBinding1\AndroidBinding1.csproj", "{31DAD57C-9424-4D2A-ADD2-F795D4EBC7CF}"
EndProject
Global
	GlobalSection(SolutionConfigurationPlatforms) = preSolution
		Debug|Any CPU = Debug|Any CPU
		Release|Any CPU = Release|Any CPU
	EndGlobalSection
	GlobalSection(ProjectConfigurationPlatforms) = postSolution
		{31DAD57C-9424-4D2A-ADD2-F795D4EBC7CF}.Debug|Any CPU.ActiveCfg = Debug|Any CPU
		{31DAD57C-9424-4D2A-ADD2-F795D4EBC7CF}.Debug|Any CPU.Build.0 = Debug|Any CPU
		{31DAD57C-9424-4D2A-ADD2-F795D4EBC7CF}.Release|Any CPU.ActiveCfg = Release|Any CPU
		{31DAD57C-9424-4D2A-ADD2-F795D4EBC7CF}.Release|Any CPU.Build.0 = Release|Any CPU
	EndGlobalSection
	GlobalSection(SolutionProperties) = preSolution
		HideSolutionNode = FALSE
	EndGlobalSection
	GlobalSection(ExtensibilityGlobals) = postSolution
		SolutionGuid = {AAE8A50E-5534-4BC1-AD2D-BB949BD3BB0E}
	EndGlobalSection
EndGlobal
